{
  "name": "nodendations",
  "version": "1.0.0",
  "lockfileVersion": 2,
  "requires": true,
  "packages": {
    "": {
      "version": "1.0.0",
      "dependencies": {
        "ug": "^0.0.8"
      }
    },
    "node_modules/ug": {
      "version": "0.0.8",
      "resolved": "https://registry.npmjs.org/ug/-/ug-0.0.8.tgz",
      "integrity": "sha1-i1WLP2rj3eaE/M56LMv7CNSGBqk=",
      "engines": {
        "iojs": "2.2.1"
      }
    }
  },
  "dependencies": {
    "ug": {
      "version": "0.0.8",
      "resolved": "https://registry.npmjs.org/ug/-/ug-0.0.8.tgz",
      "integrity": "sha1-i1WLP2rj3eaE/M56LMv7CNSGBqk="
    }
  }
}
